{
  "name": "decomoji-finder",
  "version": "3.5.0",
  "lockfileVersion": 3,
  "requires": true,
  "packages": {
    "": {
      "name": "decomoji-finder",
      "version": "3.5.0",
      "hasInstallScript": true,
      "dependencies": {
        "decomoji": "github:decomoji/decomoji"
      },
      "devDependencies": {
        "cpx2": "^9.0.0"
      }
    },
    "node_modules/balanced-match": {
      "version": "4.0.4",
      "resolved": "https://registry.npmjs.org/balanced-match/-/balanced-match-4.0.4.tgz",
      "integrity": "sha512-BLrgEcRTwX2o6gGxGOCNyMvGSp35YofuYzw9h1IMTRmKqttAZZVU67bdb9Pr2vUHA8+j3i2tJfjO6C6+4myGTA==",
      "dev": true,
      "license": "MIT",
      "engines": {
        "node": "18 || 20 || >=22"
      }
    },
    "node_modules/brace-expansion": {
      "version": "5.0.9",
      "resolved": "https://registry.npmjs.org/brace-expansion/-/brace-expansion-5.0.9.tgz",
      "integrity": "sha512-ScQ4IuvIEF1TMlP7Zt+vjJ//9zlPb2SDcxWxM3bk8s6t6GGdJ7KO1dCcTidOPJKePW30LE/2cT7wCyPho9/Wxg==",
      "dev": true,
      "license": "MIT",
      "dependencies": {
        "balanced-match": "^4.0.2"
      },
      "engines": {
        "node": "20 || >=22"
      }
    },
    "node_modules/cpx2": {
      "version": "9.0.0",
      "resolved": "https://registry.npmjs.org/cpx2/-/cpx2-9.0.0.tgz",
      "integrity": "sha512-KRZGQCmHrM10xfLjrCBTQHpEIJgKtZyOOO5fygu9KE00IjQOL76FHjeON62R5PWS/W2J5ofgRJKF8rpUlEuLPQ==",
      "dev": true,
      "license": "MIT",
      "dependencies": {
        "debounce": "^3.0.0",
        "glob": "^13.0.0",
        "glob2base": "0.0.12",
        "ignore": "^7.0.5",
        "minimatch": "^10.0.1",
        "p-map": "^7.0.0",
        "shell-quote": "^1.8.0",
        "subarg": "^1.0.0"
      },
      "bin": {
        "cpx": "bin/index.js"
      },
      "engines": {
        "node": "^22.0.0 || >=24.0.0",
        "npm": ">=10"
      }
    },
    "node_modules/cpx2/node_modules/ignore": {
      "version": "7.0.6",
      "resolved": "https://registry.npmjs.org/ignore/-/ignore-7.0.6.tgz",
      "integrity": "sha512-BAg6QkE8W+TuQLrrw0Ugr7HegXduRuuj8/ti2kSOc+jz1dmx8/WNcjr6XGnq5YpDWxFwwaavqD0+jIUOKelTsw==",
      "dev": true,
      "license": "MIT",
      "engines": {
        "node": ">= 4"
      }
    },
    "node_modules/debounce": {
      "version": "3.0.0",
      "resolved": "https://registry.npmjs.org/debounce/-/debounce-3.0.0.tgz",
      "integrity": "sha512-64byRbF0/AirwbuHqB3/ZpMG9/nckDa6ZA0yd6UnaQNwbbemCOwvz2sL5sjXLHhZHADyiwLm0M5qMhltUUx+TA==",
      "dev": true,
      "license": "MIT",
      "engines": {
        "node": ">=20"
      },
      "funding": {
        "url": "https://github.com/sponsors/sindresorhus"
      }
    },
    "node_modules/decomoji": {
      "version": "5.34.1",
      "resolved": "git+ssh://git@github.com/decomoji/decomoji.git#e3384c8429dff1ddc13f03afcfed9a403083b9f8",
      "license": "MIT"
    },
    "node_modules/find-index": {
      "version": "0.1.1",
      "resolved": "https://registry.npmjs.org/find-index/-/find-index-0.1.1.tgz",
      "integrity": "sha512-uJ5vWrfBKMcE6y2Z8834dwEZj9mNGxYa3t3I53OwFeuZ8D9oc2E5zcsrkuhX6h4iYrjhiv0T3szQmxlAV9uxDg==",
      "dev": true,
      "license": "MIT"
    },
    "node_modules/glob": {
      "version": "13.0.6",
      "resolved": "https://registry.npmjs.org/glob/-/glob-13.0.6.tgz",
      "integrity": "sha512-Wjlyrolmm8uDpm/ogGyXZXb1Z+Ca2B8NbJwqBVg0axK9GbBeoS7yGV6vjXnYdGm6X53iehEuxxbyiKp8QmN4Vw==",
      "dev": true,
      "license": "BlueOak-1.0.0",
      "dependencies": {
        "minimatch": "^10.2.2",
        "minipass": "^7.1.3",
        "path-scurry": "^2.0.2"
      },
      "engines": {
        "node": "18 || 20 || >=22"
      },
      "funding": {
        "url": "https://github.com/sponsors/isaacs"
      }
    },
    "node_modules/glob2base": {
      "version": "0.0.12",
      "resolved": "https://registry.npmjs.org/glob2base/-/glob2base-0.0.12.tgz",
      "integrity": "sha512-ZyqlgowMbfj2NPjxaZZ/EtsXlOch28FRXgMd64vqZWk1bT9+wvSRLYD1om9M7QfQru51zJPAT17qXm4/zd+9QA==",
      "dev": true,
      "dependencies": {
        "find-index": "^0.1.1"
      },
      "engines": {
        "node": ">= 0.10"
      }
    },
    "node_modules/lru-cache": {
      "version": "11.5.2",
      "resolved": "https://registry.npmjs.org/lru-cache/-/lru-cache-11.5.2.tgz",
      "integrity": "sha512-4pfM1Ff0x50o0tQwb5ucw/RzNyD0/YJME6IVcStalZuMWxdt3sR3huStTtxz4PUmvZfRguvDejasvQ2kifR11g==",
      "dev": true,
      "license": "BlueOak-1.0.0",
      "engines": {
        "node": "20 || >=22"
      }
    },
    "node_modules/minimatch": {
      "version": "10.2.6",
      "resolved": "https://registry.npmjs.org/minimatch/-/minimatch-10.2.6.tgz",
      "integrity": "sha512-vpLQEs+VLCr1nU0BXS07maYoFwlDAH0gngQuuttxIwutDFEMHq2blX+8vpgxDdK3J1PwjCJiep77OitTZ4Ll1A==",
      "dev": true,
      "license": "BlueOak-1.0.0",
      "dependencies": {
        "brace-expansion": "^5.0.8"
      },
      "engines": {
        "node": "18 || 20 || >=22"
      },
      "funding": {
        "url": "https://github.com/sponsors/isaacs"
      }
    },
    "node_modules/minimist": {
      "version": "1.2.8",
      "resolved": "https://registry.npmjs.org/minimist/-/minimist-1.2.8.tgz",
      "integrity": "sha512-2yyAR8qBkN3YuheJanUpWC5U3bb5osDywNB8RzDVlDwDHbocAJveqqj1u8+SVD7jkWT4yvsHCpWqqWqAxb0zCA==",
      "dev": true,
      "license": "MIT",
      "funding": {
        "url": "https://github.com/sponsors/ljharb"
      }
    },
    "node_modules/minipass": {
      "version": "7.1.3",
      "resolved": "https://registry.npmjs.org/minipass/-/minipass-7.1.3.tgz",
      "integrity": "sha512-tEBHqDnIoM/1rXME1zgka9g6Q2lcoCkxHLuc7ODJ5BxbP5d4c2Z5cGgtXAku59200Cx7diuHTOYfSBD8n6mm8A==",
      "dev": true,
      "license": "BlueOak-1.0.0",
      "engines": {
        "node": ">=16 || 14 >=14.17"
      }
    },
    "node_modules/p-map": {
      "version": "7.0.6",
      "resolved": "https://registry.npmjs.org/p-map/-/p-map-7.0.6.tgz",
      "integrity": "sha512-I4Prw6ivkd6p8PiYR1tXASOAOBzIJwu0TB7fqaX0c/8c3QAehNYmX57EijyGGGBt3c/BIowGwV03RVBtXvHEVg==",
      "dev": true,
      "license": "MIT",
      "engines": {
        "node": ">=18"
      },
      "funding": {
        "url": "https://github.com/sponsors/sindresorhus"
      }
    },
    "node_modules/path-scurry": {
      "version": "2.0.2",
      "resolved": "https://registry.npmjs.org/path-scurry/-/path-scurry-2.0.2.tgz",
      "integrity": "sha512-3O/iVVsJAPsOnpwWIeD+d6z/7PmqApyQePUtCndjatj/9I5LylHvt5qluFaBT3I5h3r1ejfR056c+FCv+NnNXg==",
      "dev": true,
      "license": "BlueOak-1.0.0",
      "dependencies": {
        "lru-cache": "^11.0.0",
        "minipass": "^7.1.2"
      },
      "engines": {
        "node": "18 || 20 || >=22"
      },
      "funding": {
        "url": "https://github.com/sponsors/isaacs"
      }
    },
    "node_modules/shell-quote": {
      "version": "1.10.0",
      "resolved": "https://registry.npmjs.org/shell-quote/-/shell-quote-1.10.0.tgz",
      "integrity": "sha512-w1aiOKwKuRgtwAReIIj89puqg+I7GvX4IbLrvmhXbzQsj1+Zwi4VO3+fa6ZF91TWSjIxoEkKnMeHcLEODK5ZXA==",
      "dev": true,
      "license": "MIT",
      "engines": {
        "node": ">= 0.4"
      },
      "funding": {
        "url": "https://github.com/sponsors/ljharb"
      }
    },
    "node_modules/subarg": {
      "version": "1.0.0",
      "resolved": "https://registry.npmjs.org/subarg/-/subarg-1.0.0.tgz",
      "integrity": "sha512-RIrIdRY0X1xojthNcVtgT9sjpOGagEUKpZdgBUi054OEPFo282yg+zE+t1Rj3+RqKq2xStL7uUHhY+AjbC4BXg==",
      "dev": true,
      "license": "MIT",
      "dependencies": {
        "minimist": "^1.1.0"
      }
    }
  }
}
